
Microsoft Visual Studio Solution File, Format Version 12.00
# Visual Studio Version 17
VisualStudioVersion = 17.5.002.0
MinimumVisualStudioVersion = 10.0.40219.1
Project("{9A19103F-16F7-4668-BE54-9A1E7A4F7556}") = "clase14-pe-RaquelMejia", "clase14-pe-RaquelMejia.csproj", "{CC86D759-C2B4-40CE-A632-2A8EA4DB5E1A}"
EndProject
Global
	GlobalSection(SolutionConfigurationPlatforms) = preSolution
		Debug|Any CPU = Debug|Any CPU
		Release|Any CPU = Release|Any CPU
	EndGlobalSection
	GlobalSection(ProjectConfigurationPlatforms) = postSolution
		{CC86D759-C2B4-40CE-A632-2A8EA4DB5E1A}.Debug|Any CPU.ActiveCfg = Debug|Any CPU
		{CC86D759-C2B4-40CE-A632-2A8EA4DB5E1A}.Debug|Any CPU.Build.0 = Debug|Any CPU
		{CC86D759-C2B4-40CE-A632-2A8EA4DB5E1A}.Release|Any CPU.ActiveCfg = Release|Any CPU
		{CC86D759-C2B4-40CE-A632-2A8EA4DB5E1A}.Release|Any CPU.Build.0 = Release|Any CPU
	EndGlobalSection
	GlobalSection(SolutionProperties) = preSolution
		HideSolutionNode = FALSE
	EndGlobalSection
	GlobalSection(ExtensibilityGlobals) = postSolution
		SolutionGuid = {357CA89C-C7BE-442F-9D2B-302B8794414E}
	EndGlobalSection
EndGlobal
